
Microsoft Visual Studio Solution File, Format Version 12.00
# Visual Studio 14
VisualStudioVersion = 14.0.25420.1
MinimumVisualStudioVersion = 10.0.40219.1
Project("{FAE04EC0-301F-11D3-BF4B-00C04F79EFBC}") = "ConsignmentCalculatorDemo", "ConsignmentCalculatorDemo\ConsignmentCalculatorDemo.csproj", "{57511399-FA66-4552-8C5C-E89025473466}"
EndProject
Project("{FAE04EC0-301F-11D3-BF4B-00C04F79EFBC}") = "ConsignmentClassLibrary", "ConsignmentClassLibrary\ConsignmentClassLibrary.csproj", "{195A2D1E-B5BE-48F4-B51E-E2FC31380A2C}"
EndProject
Global
	GlobalSection(SolutionConfigurationPlatforms) = preSolution
		Debug|Any CPU = Debug|Any CPU
		Release|Any CPU = Release|Any CPU
	EndGlobalSection
	GlobalSection(ProjectConfigurationPlatforms) = postSolution
		{57511399-FA66-4552-8C5C-E89025473466}.Debug|Any CPU.ActiveCfg = Debug|Any CPU
		{57511399-FA66-4552-8C5C-E89025473466}.Debug|Any CPU.Build.0 = Debug|Any CPU
		{57511399-FA66-4552-8C5C-E89025473466}.Release|Any CPU.ActiveCfg = Release|Any CPU
		{57511399-FA66-4552-8C5C-E89025473466}.Release|Any CPU.Build.0 = Release|Any CPU
		{195A2D1E-B5BE-48F4-B51E-E2FC31380A2C}.Debug|Any CPU.ActiveCfg = Debug|Any CPU
		{195A2D1E-B5BE-48F4-B51E-E2FC31380A2C}.Debug|Any CPU.Build.0 = Debug|Any CPU
		{195A2D1E-B5BE-48F4-B51E-E2FC31380A2C}.Release|Any CPU.ActiveCfg = Release|Any CPU
		{195A2D1E-B5BE-48F4-B51E-E2FC31380A2C}.Release|Any CPU.Build.0 = Release|Any CPU
	EndGlobalSection
	GlobalSection(SolutionProperties) = preSolution
		HideSolutionNode = FALSE
	EndGlobalSection
EndGlobal
